
Microsoft Visual Studio Solution File, Format Version 12.00
# Visual Studio 15
VisualStudioVersion = 15.0.26730.10
MinimumVisualStudioVersion = 10.0.40219.1
Project("{FAE04EC0-301F-11D3-BF4B-00C04F79EFBC}") = "ReplaysService", "ReplaysService\ReplaysService.csproj", "{A1DCEC28-3283-4953-BD44-105DCCBB04CE}"
EndProject
Project("{FAE04EC0-301F-11D3-BF4B-00C04F79EFBC}") = "ReplaysService.Tests", "ReplaysService.Tests\ReplaysService.Tests.csproj", "{100F18F7-93AB-4493-92B0-FF5541373FAC}"
EndProject
Project("{2150E333-8FDC-42A3-9474-1A3956D46DE8}") = "Solution Items", "Solution Items", "{1A1128BE-B026-45D7-ABD8-FC286A540723}"
	ProjectSection(SolutionItems) = preProject
		appveyor.yml = appveyor.yml
		codecov.yml = codecov.yml
		NuGet.Config = NuGet.Config
		README.md = README.md
	EndProjectSection
EndProject
Project("{930C7802-8A8C-48F9-8165-68863BCCD9DD}") = "InstallerMM", "InstallerMM\InstallerMM.wixproj", "{6E22376F-E48D-4F14-AB77-1408C46CF0F4}"
EndProject
Project("{930C7802-8A8C-48F9-8165-68863BCCD9DD}") = "Installer", "Installer\Installer.wixproj", "{D1A64E94-5EA2-48D9-AA7F-5EE050627D8C}"
EndProject
Global
	GlobalSection(SolutionConfigurationPlatforms) = preSolution
		Debug|Any CPU = Debug|Any CPU
		Release|Any CPU = Release|Any CPU
	EndGlobalSection
	GlobalSection(ProjectConfigurationPlatforms) = postSolution
		{A1DCEC28-3283-4953-BD44-105DCCBB04CE}.Debug|Any CPU.ActiveCfg = Debug|Any CPU
		{A1DCEC28-3283-4953-BD44-105DCCBB04CE}.Debug|Any CPU.Build.0 = Debug|Any CPU
		{A1DCEC28-3283-4953-BD44-105DCCBB04CE}.Release|Any CPU.ActiveCfg = Release|Any CPU
		{A1DCEC28-3283-4953-BD44-105DCCBB04CE}.Release|Any CPU.Build.0 = Release|Any CPU
		{100F18F7-93AB-4493-92B0-FF5541373FAC}.Debug|Any CPU.ActiveCfg = Debug|Any CPU
		{100F18F7-93AB-4493-92B0-FF5541373FAC}.Debug|Any CPU.Build.0 = Debug|Any CPU
		{100F18F7-93AB-4493-92B0-FF5541373FAC}.Release|Any CPU.ActiveCfg = Release|Any CPU
		{100F18F7-93AB-4493-92B0-FF5541373FAC}.Release|Any CPU.Build.0 = Release|Any CPU
		{6E22376F-E48D-4F14-AB77-1408C46CF0F4}.Debug|Any CPU.ActiveCfg = Debug|x86
		{6E22376F-E48D-4F14-AB77-1408C46CF0F4}.Debug|Any CPU.Build.0 = Debug|x86
		{6E22376F-E48D-4F14-AB77-1408C46CF0F4}.Release|Any CPU.ActiveCfg = Release|x86
		{6E22376F-E48D-4F14-AB77-1408C46CF0F4}.Release|Any CPU.Build.0 = Release|x86
		{D1A64E94-5EA2-48D9-AA7F-5EE050627D8C}.Debug|Any CPU.ActiveCfg = Debug|x86
		{D1A64E94-5EA2-48D9-AA7F-5EE050627D8C}.Debug|Any CPU.Build.0 = Debug|x86
		{D1A64E94-5EA2-48D9-AA7F-5EE050627D8C}.Release|Any CPU.ActiveCfg = Release|x86
		{D1A64E94-5EA2-48D9-AA7F-5EE050627D8C}.Release|Any CPU.Build.0 = Release|x86
	EndGlobalSection
	GlobalSection(SolutionProperties) = preSolution
		HideSolutionNode = FALSE
	EndGlobalSection
	GlobalSection(ExtensibilityGlobals) = postSolution
		SolutionGuid = {50EFFA34-1119-4B13-B2BC-0B743E63DE7B}
	EndGlobalSection
EndGlobal
